
Microsoft Visual Studio Solution File, Format Version 12.00
# Visual Studio Version 17
VisualStudioVersion = 17.9.34622.214
MinimumVisualStudioVersion = 10.0.40219.1
Project("{888888A0-9F3D-457C-B088-3A5042F75D52}") = "Lab3", "Lab3\Lab3.pyproj", "{F5908271-9C9F-42ED-A216-39F29F475E21}"
EndProject
Global
	GlobalSection(SolutionConfigurationPlatforms) = preSolution
		Debug|Any CPU = Debug|Any CPU
		Release|Any CPU = Release|Any CPU
	EndGlobalSection
	GlobalSection(ProjectConfigurationPlatforms) = postSolution
		{F5908271-9C9F-42ED-A216-39F29F475E21}.Debug|Any CPU.ActiveCfg = Debug|Any CPU
		{F5908271-9C9F-42ED-A216-39F29F475E21}.Debug|Any CPU.Build.0 = Debug|Any CPU
		{F5908271-9C9F-42ED-A216-39F29F475E21}.Release|Any CPU.ActiveCfg = Release|Any CPU
		{F5908271-9C9F-42ED-A216-39F29F475E21}.Release|Any CPU.Build.0 = Release|Any CPU
	EndGlobalSection
	GlobalSection(SolutionProperties) = preSolution
		HideSolutionNode = FALSE
	EndGlobalSection
	GlobalSection(ExtensibilityGlobals) = postSolution
		SolutionGuid = {DFDC46B4-EA17-4F68-AC52-CDF17630D5BB}
	EndGlobalSection
EndGlobal
